
Microsoft Visual Studio Solution File, Format Version 12.00
Project("{2150E333-8FDC-42A3-9474-1A3956D46DE8}") = "test", "test", "{8E26EA72-1B5B-4308-A6B6-D80A86D7BF69}"
EndProject
Project("{FAE04EC0-301F-11D3-BF4B-00C04F79EFBC}") = "DoctorAppointment.Test.Tools", "DoctorAppointment.Test.Tools\DoctorAppointment.Test.Tools.csproj", "{C5848CCF-45DF-4AE4-8810-943B32448228}"
EndProject
Project("{2150E333-8FDC-42A3-9474-1A3956D46DE8}") = "src", "src", "{016F4DCA-E953-49DE-9F1E-0CD8B1C92CE3}"
EndProject
Project("{2150E333-8FDC-42A3-9474-1A3956D46DE8}") = "02.Infrastructure", "02.Infrastructure", "{A2328694-9280-4C3A-9B6E-47B141A29DF6}"
EndProject
Project("{FAE04EC0-301F-11D3-BF4B-00C04F79EFBC}") = "DoctorAppointment.Persistence.EF", "DoctorAppointment.Persistence.EF\DoctorAppointment.Persistence.EF.csproj", "{0556AB7E-3090-4B13-B5D5-D1F9571FD2A1}"
EndProject
Project("{2150E333-8FDC-42A3-9474-1A3956D46DE8}") = "00.Packages", "00.Packages", "{B7BAD291-3AE6-4806-A084-8812313CC2CF}"
EndProject
Project("{FAE04EC0-301F-11D3-BF4B-00C04F79EFBC}") = "DoctorAppointment.Contracts", "DoctorAppointment.Contracts\DoctorAppointment.Contracts.csproj", "{3BC59D2F-4193-42FA-BA04-5ACEB2175847}"
EndProject
Project("{FAE04EC0-301F-11D3-BF4B-00C04F79EFBC}") = "DoctorAppointment.Services.Unit.Tests", "DoctorAppointment.Services.Unit.Tests\DoctorAppointment.Services.Unit.Tests.csproj", "{92664304-A825-4334-9AB4-B6818727103B}"
EndProject
Project("{2150E333-8FDC-42A3-9474-1A3956D46DE8}") = "01.Core", "01.Core", "{31E09248-01AC-4538-A458-137C91D38DCB}"
EndProject
Project("{FAE04EC0-301F-11D3-BF4B-00C04F79EFBC}") = "DoctorAppointment.Services", "DoctorAppointment.Services\DoctorAppointment.Services.csproj", "{7C4267BF-4FFA-4488-8A51-67AD9108C866}"
EndProject
Project("{FAE04EC0-301F-11D3-BF4B-00C04F79EFBC}") = "DoctorAppointment.Entities", "DoctorAppointment.Entities\DoctorAppointment.Entities.csproj", "{47F5F56F-3A4E-4A54-B3EA-A9E309629DF3}"
EndProject
Global
	GlobalSection(SolutionConfigurationPlatforms) = preSolution
		Debug|Any CPU = Debug|Any CPU
		Release|Any CPU = Release|Any CPU
	EndGlobalSection
	GlobalSection(ProjectConfigurationPlatforms) = postSolution
		{C5848CCF-45DF-4AE4-8810-943B32448228}.Debug|Any CPU.ActiveCfg = Debug|Any CPU
		{C5848CCF-45DF-4AE4-8810-943B32448228}.Debug|Any CPU.Build.0 = Debug|Any CPU
		{C5848CCF-45DF-4AE4-8810-943B32448228}.Release|Any CPU.ActiveCfg = Release|Any CPU
		{C5848CCF-45DF-4AE4-8810-943B32448228}.Release|Any CPU.Build.0 = Release|Any CPU
		{0556AB7E-3090-4B13-B5D5-D1F9571FD2A1}.Debug|Any CPU.ActiveCfg = Debug|Any CPU
		{0556AB7E-3090-4B13-B5D5-D1F9571FD2A1}.Debug|Any CPU.Build.0 = Debug|Any CPU
		{0556AB7E-3090-4B13-B5D5-D1F9571FD2A1}.Release|Any CPU.ActiveCfg = Release|Any CPU
		{0556AB7E-3090-4B13-B5D5-D1F9571FD2A1}.Release|Any CPU.Build.0 = Release|Any CPU
		{3BC59D2F-4193-42FA-BA04-5ACEB2175847}.Debug|Any CPU.ActiveCfg = Debug|Any CPU
		{3BC59D2F-4193-42FA-BA04-5ACEB2175847}.Debug|Any CPU.Build.0 = Debug|Any CPU
		{3BC59D2F-4193-42FA-BA04-5ACEB2175847}.Release|Any CPU.ActiveCfg = Release|Any CPU
		{3BC59D2F-4193-42FA-BA04-5ACEB2175847}.Release|Any CPU.Build.0 = Release|Any CPU
		{92664304-A825-4334-9AB4-B6818727103B}.Debug|Any CPU.ActiveCfg = Debug|Any CPU
		{92664304-A825-4334-9AB4-B6818727103B}.Debug|Any CPU.Build.0 = Debug|Any CPU
		{92664304-A825-4334-9AB4-B6818727103B}.Release|Any CPU.ActiveCfg = Release|Any CPU
		{92664304-A825-4334-9AB4-B6818727103B}.Release|Any CPU.Build.0 = Release|Any CPU
		{7C4267BF-4FFA-4488-8A51-67AD9108C866}.Debug|Any CPU.ActiveCfg = Debug|Any CPU
		{7C4267BF-4FFA-4488-8A51-67AD9108C866}.Debug|Any CPU.Build.0 = Debug|Any CPU
		{7C4267BF-4FFA-4488-8A51-67AD9108C866}.Release|Any CPU.ActiveCfg = Release|Any CPU
		{7C4267BF-4FFA-4488-8A51-67AD9108C866}.Release|Any CPU.Build.0 = Release|Any CPU
		{47F5F56F-3A4E-4A54-B3EA-A9E309629DF3}.Debug|Any CPU.ActiveCfg = Debug|Any CPU
		{47F5F56F-3A4E-4A54-B3EA-A9E309629DF3}.Debug|Any CPU.Build.0 = Debug|Any CPU
		{47F5F56F-3A4E-4A54-B3EA-A9E309629DF3}.Release|Any CPU.ActiveCfg = Release|Any CPU
		{47F5F56F-3A4E-4A54-B3EA-A9E309629DF3}.Release|Any CPU.Build.0 = Release|Any CPU
	EndGlobalSection
	GlobalSection(NestedProjects) = preSolution
		{C5848CCF-45DF-4AE4-8810-943B32448228} = {8E26EA72-1B5B-4308-A6B6-D80A86D7BF69}
		{A2328694-9280-4C3A-9B6E-47B141A29DF6} = {016F4DCA-E953-49DE-9F1E-0CD8B1C92CE3}
		{0556AB7E-3090-4B13-B5D5-D1F9571FD2A1} = {A2328694-9280-4C3A-9B6E-47B141A29DF6}
		{B7BAD291-3AE6-4806-A084-8812313CC2CF} = {016F4DCA-E953-49DE-9F1E-0CD8B1C92CE3}
		{3BC59D2F-4193-42FA-BA04-5ACEB2175847} = {B7BAD291-3AE6-4806-A084-8812313CC2CF}
		{92664304-A825-4334-9AB4-B6818727103B} = {8E26EA72-1B5B-4308-A6B6-D80A86D7BF69}
		{31E09248-01AC-4538-A458-137C91D38DCB} = {016F4DCA-E953-49DE-9F1E-0CD8B1C92CE3}
		{7C4267BF-4FFA-4488-8A51-67AD9108C866} = {31E09248-01AC-4538-A458-137C91D38DCB}
		{47F5F56F-3A4E-4A54-B3EA-A9E309629DF3} = {31E09248-01AC-4538-A458-137C91D38DCB}
	EndGlobalSection
EndGlobal
